
Microsoft Visual Studio Solution File, Format Version 12.00
# Visual Studio 2012
Project("{2150E333-8FDC-42A3-9474-1A3956D46DE8}") = "Build", "Build", "{38F69F8F-9303-4BAF-B081-D28339163E07}"
	ProjectSection(SolutionItems) = preProject
		..\build\build.bat = ..\build\build.bat
		..\build\build.proj = ..\build\build.proj
		..\build\build.tasks = ..\build\build.tasks
		..\build\copy.bat = ..\build\copy.bat
		..\build\NuGetPack.cmd = ..\build\NuGetPack.cmd
		..\NuGet\servicestack.redis.nuspec = ..\NuGet\servicestack.redis.nuspec
	EndProjectSection
EndProject
Project("{FAE04EC0-301F-11D3-BF4B-00C04F79EFBC}") = "ServiceStack.Redis", "ServiceStack.Redis\ServiceStack.Redis.csproj", "{AF99F19B-4C04-4F58-81EF-B092F1FCC540}"
EndProject
Project("{FAE04EC0-301F-11D3-BF4B-00C04F79EFBC}") = "ServiceStack.Redis.Tests", "..\tests\ServiceStack.Redis.Tests\ServiceStack.Redis.Tests.csproj", "{951D28EE-5D22-4C62-AC0F-1661A8CEEC5A}"
EndProject
Project("{FAE04EC0-301F-11D3-BF4B-00C04F79EFBC}") = "TestMqHost", "TestMqHost\TestMqHost.csproj", "{B932C136-4365-4C37-8187-96703715EBB4}"
EndProject
Project("{FAE04EC0-301F-11D3-BF4B-00C04F79EFBC}") = "ServiceStack.Text", "..\..\ServiceStack.Text\src\ServiceStack.Text\ServiceStack.Text.csproj", "{579B3FDB-CDAD-44E1-8417-885C38E49A0E}"
EndProject
Project("{FAE04EC0-301F-11D3-BF4B-00C04F79EFBC}") = "ServiceStack.Common", "..\..\ServiceStack\src\ServiceStack.Common\ServiceStack.Common.csproj", "{982416DB-C143-4028-A0C3-CF41892D18D3}"
EndProject
Project("{FAE04EC0-301F-11D3-BF4B-00C04F79EFBC}") = "ServiceStack.Interfaces", "..\..\ServiceStack\src\ServiceStack.Interfaces\ServiceStack.Interfaces.csproj", "{42E1C8C0-A163-44CC-92B1-8F416F2C0B01}"
EndProject
Project("{FAE04EC0-301F-11D3-BF4B-00C04F79EFBC}") = "ConsoleTester", "ConsoleTester\ConsoleTester.csproj", "{91CE8965-A450-481A-BF79-767C57E19918}"
EndProject
Global
	GlobalSection(SolutionConfigurationPlatforms) = preSolution
		Debug|Any CPU = Debug|Any CPU
		Debug|x86 = Debug|x86
		MonoTouch|Any CPU = MonoTouch|Any CPU
		MonoTouch|x86 = MonoTouch|x86
		Release|Any CPU = Release|Any CPU
		Release|x86 = Release|x86
		STATIC_ONLY NO_EXPRESSIONS|Any CPU = STATIC_ONLY NO_EXPRESSIONS|Any CPU
		STATIC_ONLY NO_EXPRESSIONS|x86 = STATIC_ONLY NO_EXPRESSIONS|x86
		MONOTOUCH|Any CPU = MONOTOUCH|Any CPU
	EndGlobalSection
	GlobalSection(ProjectConfigurationPlatforms) = postSolution
		{42E1C8C0-A163-44CC-92B1-8F416F2C0B01}.Debug|Any CPU.ActiveCfg = Debug|Any CPU
		{42E1C8C0-A163-44CC-92B1-8F416F2C0B01}.Debug|Any CPU.Build.0 = Debug|Any CPU
		{42E1C8C0-A163-44CC-92B1-8F416F2C0B01}.Debug|x86.ActiveCfg = Debug|Any CPU
		{42E1C8C0-A163-44CC-92B1-8F416F2C0B01}.Debug|x86.Build.0 = Debug|Any CPU
		{42E1C8C0-A163-44CC-92B1-8F416F2C0B01}.MonoTouch|Any CPU.ActiveCfg = Debug|Any CPU
		{42E1C8C0-A163-44CC-92B1-8F416F2C0B01}.MONOTOUCH|Any CPU.ActiveCfg = MONOTOUCH|Any CPU
		{42E1C8C0-A163-44CC-92B1-8F416F2C0B01}.MonoTouch|Any CPU.Build.0 = Debug|Any CPU
		{42E1C8C0-A163-44CC-92B1-8F416F2C0B01}.MONOTOUCH|Any CPU.Build.0 = MONOTOUCH|Any CPU
		{42E1C8C0-A163-44CC-92B1-8F416F2C0B01}.MonoTouch|x86.ActiveCfg = Debug|Any CPU
		{42E1C8C0-A163-44CC-92B1-8F416F2C0B01}.MonoTouch|x86.Build.0 = Debug|Any CPU
		{42E1C8C0-A163-44CC-92B1-8F416F2C0B01}.Release|Any CPU.ActiveCfg = Release|Any CPU
		{42E1C8C0-A163-44CC-92B1-8F416F2C0B01}.Release|Any CPU.Build.0 = Release|Any CPU
		{42E1C8C0-A163-44CC-92B1-8F416F2C0B01}.Release|x86.ActiveCfg = Release|Any CPU
		{42E1C8C0-A163-44CC-92B1-8F416F2C0B01}.Release|x86.Build.0 = Release|Any CPU
		{42E1C8C0-A163-44CC-92B1-8F416F2C0B01}.STATIC_ONLY NO_EXPRESSIONS|Any CPU.ActiveCfg = Debug|Any CPU
		{42E1C8C0-A163-44CC-92B1-8F416F2C0B01}.STATIC_ONLY NO_EXPRESSIONS|Any CPU.Build.0 = Debug|Any CPU
		{42E1C8C0-A163-44CC-92B1-8F416F2C0B01}.STATIC_ONLY NO_EXPRESSIONS|x86.ActiveCfg = Debug|Any CPU
		{42E1C8C0-A163-44CC-92B1-8F416F2C0B01}.STATIC_ONLY NO_EXPRESSIONS|x86.Build.0 = Debug|Any CPU
		{579B3FDB-CDAD-44E1-8417-885C38E49A0E}.Debug|Any CPU.ActiveCfg = Debug|Any CPU
		{579B3FDB-CDAD-44E1-8417-885C38E49A0E}.Debug|Any CPU.Build.0 = Debug|Any CPU
		{579B3FDB-CDAD-44E1-8417-885C38E49A0E}.Debug|x86.ActiveCfg = Debug|Any CPU
		{579B3FDB-CDAD-44E1-8417-885C38E49A0E}.Debug|x86.Build.0 = Debug|Any CPU
		{579B3FDB-CDAD-44E1-8417-885C38E49A0E}.MONOTOUCH|Any CPU.ActiveCfg = Debug|Any CPU
		{579B3FDB-CDAD-44E1-8417-885C38E49A0E}.MonoTouch|Any CPU.ActiveCfg = MonoTouch|Any CPU
		{579B3FDB-CDAD-44E1-8417-885C38E49A0E}.MONOTOUCH|Any CPU.Build.0 = Debug|Any CPU
		{579B3FDB-CDAD-44E1-8417-885C38E49A0E}.MonoTouch|Any CPU.Build.0 = MonoTouch|Any CPU
		{579B3FDB-CDAD-44E1-8417-885C38E49A0E}.MonoTouch|x86.ActiveCfg = MonoTouch|Any CPU
		{579B3FDB-CDAD-44E1-8417-885C38E49A0E}.MonoTouch|x86.Build.0 = MonoTouch|Any CPU
		{579B3FDB-CDAD-44E1-8417-885C38E49A0E}.Release|Any CPU.ActiveCfg = Release|Any CPU
		{579B3FDB-CDAD-44E1-8417-885C38E49A0E}.Release|Any CPU.Build.0 = Release|Any CPU
		{579B3FDB-CDAD-44E1-8417-885C38E49A0E}.Release|x86.ActiveCfg = Release|Any CPU
		{579B3FDB-CDAD-44E1-8417-885C38E49A0E}.Release|x86.Build.0 = Release|Any CPU
		{579B3FDB-CDAD-44E1-8417-885C38E49A0E}.STATIC_ONLY NO_EXPRESSIONS|Any CPU.ActiveCfg = Debug|Any CPU
		{579B3FDB-CDAD-44E1-8417-885C38E49A0E}.STATIC_ONLY NO_EXPRESSIONS|Any CPU.Build.0 = Debug|Any CPU
		{579B3FDB-CDAD-44E1-8417-885C38E49A0E}.STATIC_ONLY NO_EXPRESSIONS|x86.ActiveCfg = Debug|Any CPU
		{579B3FDB-CDAD-44E1-8417-885C38E49A0E}.STATIC_ONLY NO_EXPRESSIONS|x86.Build.0 = Debug|Any CPU
		{91CE8965-A450-481A-BF79-767C57E19918}.Debug|Any CPU.ActiveCfg = Debug|Any CPU
		{91CE8965-A450-481A-BF79-767C57E19918}.Debug|Any CPU.Build.0 = Debug|Any CPU
		{91CE8965-A450-481A-BF79-767C57E19918}.Debug|x86.ActiveCfg = Debug|Any CPU
		{91CE8965-A450-481A-BF79-767C57E19918}.Debug|x86.Build.0 = Debug|Any CPU
		{91CE8965-A450-481A-BF79-767C57E19918}.MonoTouch|Any CPU.ActiveCfg = Debug|Any CPU
		{91CE8965-A450-481A-BF79-767C57E19918}.MONOTOUCH|Any CPU.ActiveCfg = Debug|Any CPU
		{91CE8965-A450-481A-BF79-767C57E19918}.MONOTOUCH|Any CPU.Build.0 = Debug|Any CPU
		{91CE8965-A450-481A-BF79-767C57E19918}.MonoTouch|Any CPU.Build.0 = Debug|Any CPU
		{91CE8965-A450-481A-BF79-767C57E19918}.MonoTouch|x86.ActiveCfg = Debug|Any CPU
		{91CE8965-A450-481A-BF79-767C57E19918}.MonoTouch|x86.Build.0 = Debug|Any CPU
		{91CE8965-A450-481A-BF79-767C57E19918}.Release|Any CPU.ActiveCfg = Release|Any CPU
		{91CE8965-A450-481A-BF79-767C57E19918}.Release|Any CPU.Build.0 = Release|Any CPU
		{91CE8965-A450-481A-BF79-767C57E19918}.Release|x86.ActiveCfg = Release|Any CPU
		{91CE8965-A450-481A-BF79-767C57E19918}.Release|x86.Build.0 = Release|Any CPU
		{91CE8965-A450-481A-BF79-767C57E19918}.STATIC_ONLY NO_EXPRESSIONS|Any CPU.ActiveCfg = Debug|Any CPU
		{91CE8965-A450-481A-BF79-767C57E19918}.STATIC_ONLY NO_EXPRESSIONS|Any CPU.Build.0 = Debug|Any CPU
		{91CE8965-A450-481A-BF79-767C57E19918}.STATIC_ONLY NO_EXPRESSIONS|x86.ActiveCfg = Debug|Any CPU
		{91CE8965-A450-481A-BF79-767C57E19918}.STATIC_ONLY NO_EXPRESSIONS|x86.Build.0 = Debug|Any CPU
		{951D28EE-5D22-4C62-AC0F-1661A8CEEC5A}.Debug|Any CPU.ActiveCfg = Debug|Any CPU
		{951D28EE-5D22-4C62-AC0F-1661A8CEEC5A}.Debug|Any CPU.Build.0 = Debug|Any CPU
		{951D28EE-5D22-4C62-AC0F-1661A8CEEC5A}.Debug|x86.ActiveCfg = Debug|x86
		{951D28EE-5D22-4C62-AC0F-1661A8CEEC5A}.Debug|x86.Build.0 = Debug|x86
		{951D28EE-5D22-4C62-AC0F-1661A8CEEC5A}.MONOTOUCH|Any CPU.ActiveCfg = Debug|Any CPU
		{951D28EE-5D22-4C62-AC0F-1661A8CEEC5A}.MonoTouch|Any CPU.ActiveCfg = MonoTouch|Any CPU
		{951D28EE-5D22-4C62-AC0F-1661A8CEEC5A}.MONOTOUCH|Any CPU.Build.0 = Debug|Any CPU
		{951D28EE-5D22-4C62-AC0F-1661A8CEEC5A}.MonoTouch|Any CPU.Build.0 = MonoTouch|Any CPU
		{951D28EE-5D22-4C62-AC0F-1661A8CEEC5A}.MonoTouch|x86.ActiveCfg = MonoTouch|x86
		{951D28EE-5D22-4C62-AC0F-1661A8CEEC5A}.MonoTouch|x86.Build.0 = MonoTouch|x86
		{951D28EE-5D22-4C62-AC0F-1661A8CEEC5A}.Release|Any CPU.ActiveCfg = Release|Any CPU
		{951D28EE-5D22-4C62-AC0F-1661A8CEEC5A}.Release|Any CPU.Build.0 = Release|Any CPU
		{951D28EE-5D22-4C62-AC0F-1661A8CEEC5A}.Release|x86.ActiveCfg = Release|x86
		{951D28EE-5D22-4C62-AC0F-1661A8CEEC5A}.Release|x86.Build.0 = Release|x86
		{951D28EE-5D22-4C62-AC0F-1661A8CEEC5A}.STATIC_ONLY NO_EXPRESSIONS|Any CPU.ActiveCfg = STATIC_ONLY NO_EXPRESSIONS|Any CPU
		{951D28EE-5D22-4C62-AC0F-1661A8CEEC5A}.STATIC_ONLY NO_EXPRESSIONS|Any CPU.Build.0 = STATIC_ONLY NO_EXPRESSIONS|Any CPU
		{951D28EE-5D22-4C62-AC0F-1661A8CEEC5A}.STATIC_ONLY NO_EXPRESSIONS|x86.ActiveCfg = STATIC_ONLY NO_EXPRESSIONS|x86
		{951D28EE-5D22-4C62-AC0F-1661A8CEEC5A}.STATIC_ONLY NO_EXPRESSIONS|x86.Build.0 = STATIC_ONLY NO_EXPRESSIONS|x86
		{982416DB-C143-4028-A0C3-CF41892D18D3}.Debug|Any CPU.ActiveCfg = Debug|Any CPU
		{982416DB-C143-4028-A0C3-CF41892D18D3}.Debug|Any CPU.Build.0 = Debug|Any CPU
		{982416DB-C143-4028-A0C3-CF41892D18D3}.Debug|x86.ActiveCfg = Debug|Any CPU
		{982416DB-C143-4028-A0C3-CF41892D18D3}.Debug|x86.Build.0 = Debug|Any CPU
		{982416DB-C143-4028-A0C3-CF41892D18D3}.MONOTOUCH|Any CPU.ActiveCfg = Debug|Any CPU
		{982416DB-C143-4028-A0C3-CF41892D18D3}.MonoTouch|Any CPU.ActiveCfg = MonoTouch|Any CPU
		{982416DB-C143-4028-A0C3-CF41892D18D3}.MONOTOUCH|Any CPU.Build.0 = Debug|Any CPU
		{982416DB-C143-4028-A0C3-CF41892D18D3}.MonoTouch|Any CPU.Build.0 = MonoTouch|Any CPU
		{982416DB-C143-4028-A0C3-CF41892D18D3}.MonoTouch|x86.ActiveCfg = MonoTouch|Any CPU
		{982416DB-C143-4028-A0C3-CF41892D18D3}.MonoTouch|x86.Build.0 = MonoTouch|Any CPU
		{982416DB-C143-4028-A0C3-CF41892D18D3}.Release|Any CPU.ActiveCfg = Release|Any CPU
		{982416DB-C143-4028-A0C3-CF41892D18D3}.Release|Any CPU.Build.0 = Release|Any CPU
		{982416DB-C143-4028-A0C3-CF41892D18D3}.Release|x86.ActiveCfg = Release|Any CPU
		{982416DB-C143-4028-A0C3-CF41892D18D3}.Release|x86.Build.0 = Release|Any CPU
		{982416DB-C143-4028-A0C3-CF41892D18D3}.STATIC_ONLY NO_EXPRESSIONS|Any CPU.ActiveCfg = STATIC_ONLY NO_EXPRESSIONS|Any CPU
		{982416DB-C143-4028-A0C3-CF41892D18D3}.STATIC_ONLY NO_EXPRESSIONS|Any CPU.Build.0 = STATIC_ONLY NO_EXPRESSIONS|Any CPU
		{982416DB-C143-4028-A0C3-CF41892D18D3}.STATIC_ONLY NO_EXPRESSIONS|x86.ActiveCfg = STATIC_ONLY NO_EXPRESSIONS|Any CPU
		{982416DB-C143-4028-A0C3-CF41892D18D3}.STATIC_ONLY NO_EXPRESSIONS|x86.Build.0 = STATIC_ONLY NO_EXPRESSIONS|Any CPU
		{AF99F19B-4C04-4F58-81EF-B092F1FCC540}.Debug|Any CPU.ActiveCfg = Debug|Any CPU
		{AF99F19B-4C04-4F58-81EF-B092F1FCC540}.Debug|Any CPU.Build.0 = Debug|Any CPU
		{AF99F19B-4C04-4F58-81EF-B092F1FCC540}.Debug|x86.ActiveCfg = Debug|x86
		{AF99F19B-4C04-4F58-81EF-B092F1FCC540}.Debug|x86.Build.0 = Debug|x86
		{AF99F19B-4C04-4F58-81EF-B092F1FCC540}.MONOTOUCH|Any CPU.ActiveCfg = Debug|Any CPU
		{AF99F19B-4C04-4F58-81EF-B092F1FCC540}.MonoTouch|Any CPU.ActiveCfg = MonoTouch|Any CPU
		{AF99F19B-4C04-4F58-81EF-B092F1FCC540}.MONOTOUCH|Any CPU.Build.0 = Debug|Any CPU
		{AF99F19B-4C04-4F58-81EF-B092F1FCC540}.MonoTouch|Any CPU.Build.0 = MonoTouch|Any CPU
		{AF99F19B-4C04-4F58-81EF-B092F1FCC540}.MonoTouch|x86.ActiveCfg = MonoTouch|x86
		{AF99F19B-4C04-4F58-81EF-B092F1FCC540}.MonoTouch|x86.Build.0 = MonoTouch|x86
		{AF99F19B-4C04-4F58-81EF-B092F1FCC540}.Release|Any CPU.ActiveCfg = Release|Any CPU
		{AF99F19B-4C04-4F58-81EF-B092F1FCC540}.Release|Any CPU.Build.0 = Release|Any CPU
		{AF99F19B-4C04-4F58-81EF-B092F1FCC540}.Release|x86.ActiveCfg = Release|x86
		{AF99F19B-4C04-4F58-81EF-B092F1FCC540}.Release|x86.Build.0 = Release|x86
		{AF99F19B-4C04-4F58-81EF-B092F1FCC540}.STATIC_ONLY NO_EXPRESSIONS|Any CPU.ActiveCfg = STATIC_ONLY NO_EXPRESSIONS|Any CPU
		{AF99F19B-4C04-4F58-81EF-B092F1FCC540}.STATIC_ONLY NO_EXPRESSIONS|Any CPU.Build.0 = STATIC_ONLY NO_EXPRESSIONS|Any CPU
		{AF99F19B-4C04-4F58-81EF-B092F1FCC540}.STATIC_ONLY NO_EXPRESSIONS|x86.ActiveCfg = STATIC_ONLY NO_EXPRESSIONS|x86
		{AF99F19B-4C04-4F58-81EF-B092F1FCC540}.STATIC_ONLY NO_EXPRESSIONS|x86.Build.0 = STATIC_ONLY NO_EXPRESSIONS|x86
		{B932C136-4365-4C37-8187-96703715EBB4}.Debug|Any CPU.ActiveCfg = Debug|Any CPU
		{B932C136-4365-4C37-8187-96703715EBB4}.Debug|Any CPU.Build.0 = Debug|Any CPU
		{B932C136-4365-4C37-8187-96703715EBB4}.Debug|x86.ActiveCfg = Debug|Any CPU
		{B932C136-4365-4C37-8187-96703715EBB4}.MONOTOUCH|Any CPU.ActiveCfg = Debug|Any CPU
		{B932C136-4365-4C37-8187-96703715EBB4}.MonoTouch|Any CPU.ActiveCfg = Release|Any CPU
		{B932C136-4365-4C37-8187-96703715EBB4}.MONOTOUCH|Any CPU.Build.0 = Debug|Any CPU
		{B932C136-4365-4C37-8187-96703715EBB4}.MonoTouch|Any CPU.Build.0 = Release|Any CPU
		{B932C136-4365-4C37-8187-96703715EBB4}.MonoTouch|x86.ActiveCfg = Release|Any CPU
		{B932C136-4365-4C37-8187-96703715EBB4}.Release|Any CPU.ActiveCfg = Release|Any CPU
		{B932C136-4365-4C37-8187-96703715EBB4}.Release|Any CPU.Build.0 = Release|Any CPU
		{B932C136-4365-4C37-8187-96703715EBB4}.Release|x86.ActiveCfg = Release|Any CPU
		{B932C136-4365-4C37-8187-96703715EBB4}.STATIC_ONLY NO_EXPRESSIONS|Any CPU.ActiveCfg = Release|Any CPU
		{B932C136-4365-4C37-8187-96703715EBB4}.STATIC_ONLY NO_EXPRESSIONS|Any CPU.Build.0 = Release|Any CPU
		{B932C136-4365-4C37-8187-96703715EBB4}.STATIC_ONLY NO_EXPRESSIONS|x86.ActiveCfg = Release|Any CPU
	EndGlobalSection
	GlobalSection(NestedProjects) = preSolution
	EndGlobalSection
	GlobalSection(MonoDevelopProperties) = preSolution
		StartupItem = ConsoleTester\ConsoleTester.csproj
	EndGlobalSection
	GlobalSection(SolutionProperties) = preSolution
		HideSolutionNode = FALSE
	EndGlobalSection
EndGlobal
